
Microsoft Visual Studio Solution File, Format Version 12.00
# Visual Studio Version 17
VisualStudioVersion = 17.0.32112.339
MinimumVisualStudioVersion = 10.0.40219.1
Project("{FAE04EC0-301F-11D3-BF4B-00C04F79EFBC}") = "Fiourp", "Fiourp\Fiourp.csproj", "{AEED9488-44A3-4659-B798-7E5D27261C61}"
EndProject
Global
	GlobalSection(SolutionConfigurationPlatforms) = preSolution
		Debug|Any CPU = Debug|Any CPU
		Release|Any CPU = Release|Any CPU
	EndGlobalSection
	GlobalSection(ProjectConfigurationPlatforms) = postSolution
		{AEED9488-44A3-4659-B798-7E5D27261C61}.Debug|Any CPU.ActiveCfg = Debug|Any CPU
		{AEED9488-44A3-4659-B798-7E5D27261C61}.Debug|Any CPU.Build.0 = Debug|Any CPU
		{AEED9488-44A3-4659-B798-7E5D27261C61}.Release|Any CPU.ActiveCfg = Release|Any CPU
		{AEED9488-44A3-4659-B798-7E5D27261C61}.Release|Any CPU.Build.0 = Release|Any CPU
	EndGlobalSection
	GlobalSection(SolutionProperties) = preSolution
		HideSolutionNode = FALSE
	EndGlobalSection
	GlobalSection(ExtensibilityGlobals) = postSolution
		SolutionGuid = {B2D9BCFC-BF2C-41B5-915A-60DE4DEEF335}
	EndGlobalSection
EndGlobal
