
Microsoft Visual Studio Solution File, Format Version 12.00
# Visual Studio Version 18
VisualStudioVersion = 18.5.11723.231 stable
MinimumVisualStudioVersion = 10.0.40219.1
Project("{FAE04EC0-301F-11D3-BF4B-00C04F79EFBC}") = "Fiourp", "Fiourp.csproj", "{AEED9488-44A3-4659-B798-7E5D27261C61}"
EndProject
Global
	GlobalSection(SolutionConfigurationPlatforms) = preSolution
		Debug|Any CPU = Debug|Any CPU
		Debug|x64 = Debug|x64
		Debug|x86 = Debug|x86
		Release|Any CPU = Release|Any CPU
		Release|x64 = Release|x64
		Release|x86 = Release|x86
	EndGlobalSection
	GlobalSection(ProjectConfigurationPlatforms) = postSolution
		{AEED9488-44A3-4659-B798-7E5D27261C61}.Debug|Any CPU.ActiveCfg = Debug|Any CPU
		{AEED9488-44A3-4659-B798-7E5D27261C61}.Debug|Any CPU.Build.0 = Debug|Any CPU
		{AEED9488-44A3-4659-B798-7E5D27261C61}.Debug|x64.ActiveCfg = Debug|x64
		{AEED9488-44A3-4659-B798-7E5D27261C61}.Debug|x64.Build.0 = Debug|x64
		{AEED9488-44A3-4659-B798-7E5D27261C61}.Debug|x86.ActiveCfg = Debug|Any CPU
		{AEED9488-44A3-4659-B798-7E5D27261C61}.Debug|x86.Build.0 = Debug|Any CPU
		{AEED9488-44A3-4659-B798-7E5D27261C61}.Release|Any CPU.ActiveCfg = Release|Any CPU
		{AEED9488-44A3-4659-B798-7E5D27261C61}.Release|Any CPU.Build.0 = Release|Any CPU
		{AEED9488-44A3-4659-B798-7E5D27261C61}.Release|x64.ActiveCfg = Release|Any CPU
		{AEED9488-44A3-4659-B798-7E5D27261C61}.Release|x64.Build.0 = Release|Any CPU
		{AEED9488-44A3-4659-B798-7E5D27261C61}.Release|x86.ActiveCfg = Release|Any CPU
		{AEED9488-44A3-4659-B798-7E5D27261C61}.Release|x86.Build.0 = Release|Any CPU
	EndGlobalSection
	GlobalSection(SolutionProperties) = preSolution
		HideSolutionNode = FALSE
	EndGlobalSection
	GlobalSection(ExtensibilityGlobals) = postSolution
		SolutionGuid = {B2D9BCFC-BF2C-41B5-915A-60DE4DEEF335}
	EndGlobalSection
EndGlobal
